version = 1
revision = 3
requires-python = "==3.13.2"

[manifest]
requirements = [{ name = "pyarrow", specifier = "==25.0.1" }]

[[package]]
name = "pyarrow"
version = "25.0.1"
source = { registry = "https://pypi.org/simple" }
sdist = { url = "https://files.pythonhosted.org/packages/3d/e3/27f57f80141379d60defe6703eb50a707325706f07fedfd1312c7a751995/pyarrow-25.0.1.tar.gz", hash = "sha256:9150a83248bfed9813ea3c3af74c3856c1984d444aa28e58bf7733b9750ddf6a", size = 1201653, upload-time = "2026-08-10T12:40:53.904Z" }
wheels = [
    { url = "https://files.pythonhosted.org/packages/cc/8d/8f271a7a034c834910ec925d56fa4b29733b1380f5289419f5aaa3b02777/pyarrow-25.0.1-cp313-cp313-macosx_12_0_arm64.whl", hash = "sha256:c7c534ec03c358a76ea3e505e74c1b6aef290af90c444dfd092dbfe23e755b85", size = 35855328, upload-time = "2026-08-10T12:38:45.489Z" },
    { url = "https://files.pythonhosted.org/packages/d2/cd/5bac242f4e841b9971d5eb94fdfe2577e2b70be983e27401e72055786037/pyarrow-25.0.1-cp313-cp313-macosx_12_0_x86_64.whl", hash = "sha256:dda9470024204d7bbf2042b47c6e8a0e47a3eeb8e34405882dfaea6577e0c153", size = 37622415, upload-time = "2026-08-10T12:38:51.107Z" },
    { url = "https://files.pythonhosted.org/packages/63/1f/96d03b4e1506524f7087adb0fd6b2f69f0c9c7aaff1ec36d8030082e15a5/pyarrow-25.0.1-cp313-cp313-manylinux_2_28_aarch64.whl", hash = "sha256:44a9120ce5bd81936b8ab9a88076e3fd47c2c6838e0e43630fed83626aca81d9", size = 46813813, upload-time = "2026-08-10T12:38:57.773Z" },
    { url = "https://files.pythonhosted.org/packages/98/d6/33a411115b61dbfc16ad6ad73e71730f6fea654ee3667673bc53ab0e2fe7/pyarrow-25.0.1-cp313-cp313-manylinux_2_28_x86_64.whl", hash = "sha256:0befcf816e45a1af33ac775a9970b749e4868a230c7372f0ae5e932bee27039f", size = 50104452, upload-time = "2026-08-10T12:39:04.579Z" },
    { url = "https://files.pythonhosted.org/packages/33/ae/b1b97c9ca87f9f9ddbb5230c798df94eccce61bd79b9b45458c69a478588/pyarrow-25.0.1-cp313-cp313-musllinux_1_2_aarch64.whl", hash = "sha256:3f89685964f46e4216103c75483aac0c0692a5f72212d7ca835adba5ede56ce3", size = 49951343, upload-time = "2026-08-10T12:39:11.8Z" },
    { url = "https://files.pythonhosted.org/packages/98/9e/a112df5cfd5a68cb1d9fc31cfe38c28d5aec9f10865ce37ecef2e4450873/pyarrow-25.0.1-cp313-cp313-musllinux_1_2_x86_64.whl", hash = "sha256:6943e2fe7954d29d84de45d29d34c8dc36ce96570e67d89aa9976e650a4a9138", size = 53144784, upload-time = "2026-08-10T12:39:20.503Z" },
    { url = "https://files.pythonhosted.org/packages/31/24/97e8bd98f1e3b07e2ba08bcdff690674fbe16d69a7d2712cc3884665e615/pyarrow-25.0.1-cp313-cp313-win_amd64.whl", hash = "sha256:31e49a7888fcdf3a835da33ae777f6bb9a866334e5a789282fc26dcf426f7f15", size = 27870159, upload-time = "2026-08-10T12:39:26.161Z" },
]
